
Microsoft Visual Studio Solution File, Format Version 12.00
# Visual Studio Version 17
VisualStudioVersion = 17.14.36908.2 d17.14
MinimumVisualStudioVersion = 10.0.40219.1
Project("{FAE04EC0-301F-11D3-BF4B-00C04F79EFBC}") = "FaturaGiderSistemi", "FaturaGiderSistemi\FaturaGiderSistemi.csproj", "{27D9E997-EB3E-412B-8CDC-962EC40E9C94}"
EndProject
Global
	GlobalSection(SolutionConfigurationPlatforms) = preSolution
		Debug|Any CPU = Debug|Any CPU
		Release|Any CPU = Release|Any CPU
	EndGlobalSection
	GlobalSection(ProjectConfigurationPlatforms) = postSolution
		{27D9E997-EB3E-412B-8CDC-962EC40E9C94}.Debug|Any CPU.ActiveCfg = Debug|Any CPU
		{27D9E997-EB3E-412B-8CDC-962EC40E9C94}.Debug|Any CPU.Build.0 = Debug|Any CPU
		{27D9E997-EB3E-412B-8CDC-962EC40E9C94}.Release|Any CPU.ActiveCfg = Release|Any CPU
		{27D9E997-EB3E-412B-8CDC-962EC40E9C94}.Release|Any CPU.Build.0 = Release|Any CPU
	EndGlobalSection
	GlobalSection(SolutionProperties) = preSolution
		HideSolutionNode = FALSE
	EndGlobalSection
	GlobalSection(ExtensibilityGlobals) = postSolution
		SolutionGuid = {457317AE-ADEB-4C70-96E2-E7696D86BFB3}
	EndGlobalSection
EndGlobal
